
Microsoft Visual Studio Solution File, Format Version 12.00
# Visual Studio Version 16
VisualStudioVersion = 16.0.33529.622
MinimumVisualStudioVersion = 10.0.40219.1
Project("{FAE04EC0-301F-11D3-BF4B-00C04F79EFBC}") = "WPF2_FokavinMMO", "WPF2_FokavinMMO\WPF2_FokavinMMO.csproj", "{11EEA8AA-6F2E-4DC0-88D2-C3F16D8A6072}"
EndProject
Global
	GlobalSection(SolutionConfigurationPlatforms) = preSolution
		Debug|Any CPU = Debug|Any CPU
		Release|Any CPU = Release|Any CPU
	EndGlobalSection
	GlobalSection(ProjectConfigurationPlatforms) = postSolution
		{11EEA8AA-6F2E-4DC0-88D2-C3F16D8A6072}.Debug|Any CPU.ActiveCfg = Debug|Any CPU
		{11EEA8AA-6F2E-4DC0-88D2-C3F16D8A6072}.Debug|Any CPU.Build.0 = Debug|Any CPU
		{11EEA8AA-6F2E-4DC0-88D2-C3F16D8A6072}.Release|Any CPU.ActiveCfg = Release|Any CPU
		{11EEA8AA-6F2E-4DC0-88D2-C3F16D8A6072}.Release|Any CPU.Build.0 = Release|Any CPU
	EndGlobalSection
	GlobalSection(SolutionProperties) = preSolution
		HideSolutionNode = FALSE
	EndGlobalSection
	GlobalSection(ExtensibilityGlobals) = postSolution
		SolutionGuid = {65FD69AF-73CD-4362-8C41-C21D22D9E266}
	EndGlobalSection
EndGlobal
